
Microsoft Visual Studio Solution File, Format Version 12.00
# Visual Studio Version 17
VisualStudioVersion = 17.14.36301.6 d17.14
MinimumVisualStudioVersion = 10.0.40219.1
Project("{FAE04EC0-301F-11D3-BF4B-00C04F79EFBC}") = "LINQ", "LINQ\LINQ.csproj", "{13817F1A-26F9-40B4-AF8B-4420217F7CBB}"
EndProject
Global
	GlobalSection(SolutionConfigurationPlatforms) = preSolution
		Debug|Any CPU = Debug|Any CPU
		Release|Any CPU = Release|Any CPU
	EndGlobalSection
	GlobalSection(ProjectConfigurationPlatforms) = postSolution
		{13817F1A-26F9-40B4-AF8B-4420217F7CBB}.Debug|Any CPU.ActiveCfg = Debug|Any CPU
		{13817F1A-26F9-40B4-AF8B-4420217F7CBB}.Debug|Any CPU.Build.0 = Debug|Any CPU
		{13817F1A-26F9-40B4-AF8B-4420217F7CBB}.Release|Any CPU.ActiveCfg = Release|Any CPU
		{13817F1A-26F9-40B4-AF8B-4420217F7CBB}.Release|Any CPU.Build.0 = Release|Any CPU
	EndGlobalSection
	GlobalSection(SolutionProperties) = preSolution
		HideSolutionNode = FALSE
	EndGlobalSection
	GlobalSection(ExtensibilityGlobals) = postSolution
		SolutionGuid = {185CC603-B768-4C87-8EB2-F0C3921FD8A6}
	EndGlobalSection
EndGlobal
